
Microsoft Visual Studio Solution File, Format Version 12.00
# Visual Studio Version 17
VisualStudioVersion = 17.0.31903.59
MinimumVisualStudioVersion = 10.0.40219.1
Project("{FAE04EC0-301F-11D3-BF4B-00C04F79EFBC}") = "todolist", "todolist\todolist.csproj", "{F742F9E3-3C24-4A53-A390-1B87E5016D07}"
EndProject
Project("{FAE04EC0-301F-11D3-BF4B-00C04F79EFBC}") = "todolist.Tests", "todolist.Tests\todolist.Tests.csproj", "{2F9ACA77-7BFA-48A3-9345-50059FA78014}"
EndProject
Global
	GlobalSection(SolutionConfigurationPlatforms) = preSolution
		Debug|Any CPU = Debug|Any CPU
		Release|Any CPU = Release|Any CPU
	EndGlobalSection
	GlobalSection(SolutionProperties) = preSolution
		HideSolutionNode = FALSE
	EndGlobalSection
	GlobalSection(ProjectConfigurationPlatforms) = postSolution
		{F742F9E3-3C24-4A53-A390-1B87E5016D07}.Debug|Any CPU.ActiveCfg = Debug|Any CPU
		{F742F9E3-3C24-4A53-A390-1B87E5016D07}.Debug|Any CPU.Build.0 = Debug|Any CPU
		{F742F9E3-3C24-4A53-A390-1B87E5016D07}.Release|Any CPU.ActiveCfg = Release|Any CPU
		{F742F9E3-3C24-4A53-A390-1B87E5016D07}.Release|Any CPU.Build.0 = Release|Any CPU
		{2F9ACA77-7BFA-48A3-9345-50059FA78014}.Debug|Any CPU.ActiveCfg = Debug|Any CPU
		{2F9ACA77-7BFA-48A3-9345-50059FA78014}.Debug|Any CPU.Build.0 = Debug|Any CPU
		{2F9ACA77-7BFA-48A3-9345-50059FA78014}.Release|Any CPU.ActiveCfg = Release|Any CPU
		{2F9ACA77-7BFA-48A3-9345-50059FA78014}.Release|Any CPU.Build.0 = Release|Any CPU
	EndGlobalSection
EndGlobal
